
Microsoft Visual Studio Solution File, Format Version 12.00
# Visual Studio Version 16
VisualStudioVersion = 16.0.30907.101
MinimumVisualStudioVersion = 10.0.40219.1
Project("{FAE04EC0-301F-11D3-BF4B-00C04F79EFBC}") = "DemoAzure", "DemoAzure\DemoAzure.csproj", "{56A5D9F3-D9D5-454E-98BC-42A7EB6251BE}"
EndProject
Project("{FAE04EC0-301F-11D3-BF4B-00C04F79EFBC}") = "DemoAzureTests", "DemoAzureTests\DemoAzureTests.csproj", "{81B3078D-7D81-485F-AB71-AD6CDBFE5BB4}"
EndProject
Global
	GlobalSection(SolutionConfigurationPlatforms) = preSolution
		Debug|Any CPU = Debug|Any CPU
		Release|Any CPU = Release|Any CPU
	EndGlobalSection
	GlobalSection(ProjectConfigurationPlatforms) = postSolution
		{56A5D9F3-D9D5-454E-98BC-42A7EB6251BE}.Debug|Any CPU.ActiveCfg = Debug|Any CPU
		{56A5D9F3-D9D5-454E-98BC-42A7EB6251BE}.Debug|Any CPU.Build.0 = Debug|Any CPU
		{56A5D9F3-D9D5-454E-98BC-42A7EB6251BE}.Release|Any CPU.ActiveCfg = Release|Any CPU
		{56A5D9F3-D9D5-454E-98BC-42A7EB6251BE}.Release|Any CPU.Build.0 = Release|Any CPU
		{81B3078D-7D81-485F-AB71-AD6CDBFE5BB4}.Debug|Any CPU.ActiveCfg = Debug|Any CPU
		{81B3078D-7D81-485F-AB71-AD6CDBFE5BB4}.Debug|Any CPU.Build.0 = Debug|Any CPU
		{81B3078D-7D81-485F-AB71-AD6CDBFE5BB4}.Release|Any CPU.ActiveCfg = Release|Any CPU
		{81B3078D-7D81-485F-AB71-AD6CDBFE5BB4}.Release|Any CPU.Build.0 = Release|Any CPU
	EndGlobalSection
	GlobalSection(SolutionProperties) = preSolution
		HideSolutionNode = FALSE
	EndGlobalSection
	GlobalSection(ExtensibilityGlobals) = postSolution
		SolutionGuid = {FF6B7993-C866-4833-8B0C-44DD37BDEEC3}
	EndGlobalSection
EndGlobal
